
Microsoft Visual Studio Solution File, Format Version 12.00
# Visual Studio Version 16
VisualStudioVersion = 16.0.29728.190
MinimumVisualStudioVersion = 10.0.40219.1
Project("{9A19103F-16F7-4668-BE54-9A1E7A4F7556}") = "ComputershareTradeApp", "ComputerShare Trade App\ComputershareTradeApp.csproj", "{4B617CC0-E4A4-43CC-90C7-66FB2526E9DE}"
EndProject
Project("{FAE04EC0-301F-11D3-BF4B-00C04F79EFBC}") = "ComputershareTradeAppTests", "ComputershareTradeAppTests\ComputershareTradeAppTests.csproj", "{87F7A567-7F8D-4892-B611-3758D63D2637}"
EndProject
Global
	GlobalSection(SolutionConfigurationPlatforms) = preSolution
		Debug|Any CPU = Debug|Any CPU
		Release|Any CPU = Release|Any CPU
	EndGlobalSection
	GlobalSection(ProjectConfigurationPlatforms) = postSolution
		{4B617CC0-E4A4-43CC-90C7-66FB2526E9DE}.Debug|Any CPU.ActiveCfg = Debug|Any CPU
		{4B617CC0-E4A4-43CC-90C7-66FB2526E9DE}.Debug|Any CPU.Build.0 = Debug|Any CPU
		{4B617CC0-E4A4-43CC-90C7-66FB2526E9DE}.Release|Any CPU.ActiveCfg = Release|Any CPU
		{4B617CC0-E4A4-43CC-90C7-66FB2526E9DE}.Release|Any CPU.Build.0 = Release|Any CPU
		{87F7A567-7F8D-4892-B611-3758D63D2637}.Debug|Any CPU.ActiveCfg = Debug|Any CPU
		{87F7A567-7F8D-4892-B611-3758D63D2637}.Debug|Any CPU.Build.0 = Debug|Any CPU
		{87F7A567-7F8D-4892-B611-3758D63D2637}.Release|Any CPU.ActiveCfg = Release|Any CPU
		{87F7A567-7F8D-4892-B611-3758D63D2637}.Release|Any CPU.Build.0 = Release|Any CPU
	EndGlobalSection
	GlobalSection(SolutionProperties) = preSolution
		HideSolutionNode = FALSE
	EndGlobalSection
	GlobalSection(ExtensibilityGlobals) = postSolution
		SolutionGuid = {F2A01B67-955C-4476-BF04-5A2DC1770206}
	EndGlobalSection
EndGlobal
